// !$*UTF8*$!
{
	archiveVersion = 1;
	classes = {
	};
	objectVersion = 46;
	objects = {

/* Begin PBXBuildFile section */
		7009F42A7233F222093F036B /* libPods-Here.a in Frameworks */ = {isa = PBXBuildFile; fileRef = BC205A2281AD921F43DCF6A5 /* libPods-Here.a */; };
		AAC63ABC1BD7E0E900988D09 /* main.m in Sources */ = {isa = PBXBuildFile; fileRef = AAC63ABB1BD7E0E900988D09 /* main.m */; };
		AAC63ABF1BD7E0E900988D09 /* AppDelegate.m in Sources */ = {isa = PBXBuildFile; fileRef = AAC63ABE1BD7E0E900988D09 /* AppDelegate.m */; };
		AAC63AC51BD7E0E900988D09 /* Main.storyboard in Resources */ = {isa = PBXBuildFile; fileRef = AAC63AC31BD7E0E900988D09 /* Main.storyboard */; };
		AAC63AC71BD7E0E900988D09 /* Assets.xcassets in Resources */ = {isa = PBXBuildFile; fileRef = AAC63AC61BD7E0E900988D09 /* Assets.xcassets */; };
		AAC63ACA1BD7E0E900988D09 /* LaunchScreen.storyboard in Resources */ = {isa = PBXBuildFile; fileRef = AAC63AC81BD7E0E900988D09 /* LaunchScreen.storyboard */; };
		AAC63AD31BD7E26800988D09 /* BigTourTableViewController.m in Sources */ = {isa = PBXBuildFile; fileRef = AAC63AD21BD7E26800988D09 /* BigTourTableViewController.m */; settings = {ASSET_TAGS = (); }; };
/* End PBXBuildFile section */

/* Begin PBXFileReference section */
		AAC63AB71BD7E0E900988D09 /* Here.app */ = {isa = PBXFileReference; explicitFileType = wrapper.application; includeInIndex = 0; path = Here.app; sourceTree = BUILT_PRODUCTS_DIR; };
		AAC63ABB1BD7E0E900988D09 /* main.m */ = {isa = PBXFileReference; lastKnownFileType = sourcecode.c.objc; path = main.m; sourceTree = "<group>"; };
		AAC63ABD1BD7E0E900988D09 /* AppDelegate.h */ = {isa = PBXFileReference; lastKnownFileType = sourcecode.c.h; path = AppDelegate.h; sourceTree = "<group>"; };
		AAC63ABE1BD7E0E900988D09 /* AppDelegate.m */ = {isa = PBXFileReference; lastKnownFileType = sourcecode.c.objc; path = AppDelegate.m; sourceTree = "<group>"; };
		AAC63AC41BD7E0E900988D09 /* Base */ = {isa = PBXFileReference; lastKnownFileType = file.storyboard; name = Base; path = Base.lproj/Main.storyboard; sourceTree = "<group>"; };
		AAC63AC61BD7E0E900988D09 /* Assets.xcassets */ = {isa = PBXFileReference; lastKnownFileType = folder.assetcatalog; path = Assets.xcassets; sourceTree = "<group>"; };
		AAC63AC91BD7E0E900988D09 /* Base */ = {isa = PBXFileReference; lastKnownFileType = file.storyboard; name = Base; path = Base.lproj/LaunchScreen.storyboard; sourceTree = "<group>"; };
		AAC63ACB1BD7E0E900988D09 /* Info.plist */ = {isa = PBXFileReference; lastKnownFileType = text.plist.xml; path = Info.plist; sourceTree = "<group>"; };
		AAC63AD11BD7E26800988D09 /* BigTourTableViewController.h */ = {isa = PBXFileReference; fileEncoding = 4; lastKnownFileType = sourcecode.c.h; path = BigTourTableViewController.h; sourceTree = "<group>"; };
		AAC63AD21BD7E26800988D09 /* BigTourTableViewController.m */ = {isa = PBXFileReference; fileEncoding = 4; lastKnownFileType = sourcecode.c.objc; path = BigTourTableViewController.m; sourceTree = "<group>"; };
		BC205A2281AD921F43DCF6A5 /* libPods-Here.a */ = {isa = PBXFileReference; explicitFileType = archive.ar; includeInIndex = 0; path = "libPods-Here.a"; sourceTree = BUILT_PRODUCTS_DIR; };
		CC3D98FADE0851EC86B219F6 /* Pods-Here.debug.xcconfig */ = {isa = PBXFileReference; includeInIndex = 1; lastKnownFileType = text.xcconfig; name = "Pods-Here.debug.xcconfig"; path = "Pods/Target Support Files/Pods-Here/Pods-Here.debug.xcconfig"; sourceTree = "<group>"; };
		F59317C7D692A18DA97F89C6 /* Pods-Here.release.xcconfig */ = {isa = PBXFileReference; includeInIndex = 1; lastKnownFileType = text.xcconfig; name = "Pods-Here.release.xcconfig"; path = "Pods/Target Support Files/Pods-Here/Pods-Here.release.xcconfig"; sourceTree = "<group>"; };
/* End PBXFileReference section */

/* Begin PBXFrameworksBuildPhase section */
		AAC63AB41BD7E0E900988D09 /* Frameworks */ = {
			isa = PBXFrameworksBuildPhase;
			buildActionMask = 2147483647;
			files = (
				7009F42A7233F222093F036B /* libPods-Here.a in Frameworks */,
			);
			runOnlyForDeploymentPostprocessing = 0;
		};
/* End PBXFrameworksBuildPhase section */

/* Begin PBXGroup section */
		70DF0F42AE5E17D6E9DC2B0D /* Pods */ = {
			isa = PBXGroup;
			children = (
				CC3D98FADE0851EC86B219F6 /* Pods-Here.debug.xcconfig */,
				F59317C7D692A18DA97F89C6 /* Pods-Here.release.xcconfig */,
			);
			name = Pods;
			sourceTree = "<group>";
		};
		A71D4AE867C8C94686AE5BD4 /* Frameworks */ = {
			isa = PBXGroup;
			children = (
				BC205A2281AD921F43DCF6A5 /* libPods-Here.a */,
			);
			name = Frameworks;
			sourceTree = "<group>";
		};
		AAC63AAE1BD7E0E900988D09 = {
			isa = PBXGroup;
			children = (
				AAC63AB91BD7E0E900988D09 /* Here */,
				AAC63AB81BD7E0E900988D09 /* Products */,
				70DF0F42AE5E17D6E9DC2B0D /* Pods */,
				A71D4AE867C8C94686AE5BD4 /* Frameworks */,
			);
			sourceTree = "<group>";
		};
		AAC63AB81BD7E0E900988D09 /* Products */ = {
			isa = PBXGroup;
			children = (
				AAC63AB71BD7E0E900988D09 /* Here.app */,
			);
			name = Products;
			sourceTree = "<group>";
		};
		AAC63AB91BD7E0E900988D09 /* Here */ = {
			isa = PBXGroup;
			children = (
				AAC63ABD1BD7E0E900988D09 /* AppDelegate.h */,
				AAC63ABE1BD7E0E900988D09 /* AppDelegate.m */,
				AAC63AD11BD7E26800988D09 /* BigTourTableViewController.h */,
				AAC63AD21BD7E26800988D09 /* BigTourTableViewController.m */,
				AAC63AC31BD7E0E900988D09 /* Main.storyboard */,
				AAC63AC61BD7E0E900988D09 /* Assets.xcassets */,
				AAC63AC81BD7E0E900988D09 /* LaunchScreen.storyboard */,
				AAC63ACB1BD7E0E900988D09 /* Info.plist */,
				AAC63ABA1BD7E0E900988D09 /* Supporting Files */,
			);
			path = Here;
			sourceTree = "<group>";
		};
		AAC63ABA1BD7E0E900988D09 /* Supporting Files */ = {
			isa = PBXGroup;
			children = (
				AAC63ABB1BD7E0E900988D09 /* main.m */,
			);
			name = "Supporting Files";
			sourceTree = "<group>";
		};
/* End PBXGroup section */

/* Begin PBXNativeTarget section */
		AAC63AB61BD7E0E900988D09 /* Here */ = {
			isa = PBXNativeTarget;
			buildConfigurationList = AAC63ACE1BD7E0E900988D09 /* Build configuration list for PBXNativeTarget "Here" */;
			buildPhases = (
				7325E58E54B4D95AF7BA96C1 /* Check Pods Manifest.lock */,
				AAC63AB31BD7E0E900988D09 /* Sources */,
				AAC63AB41BD7E0E900988D09 /* Frameworks */,
				AAC63AB51BD7E0E900988D09 /* Resources */,
				1D1B6E41609E8016D347351C /* Copy Pods Resources */,
			);
			buildRules = (
			);
			dependencies = (
			);
			name = Here;
			productName = Here;
			productReference = AAC63AB71BD7E0E900988D09 /* Here.app */;
			productType = "com.apple.product-type.application";
		};
/* End PBXNativeTarget section */

/* Begin PBXProject section */
		AAC63AAF1BD7E0E900988D09 /* Project object */ = {
			isa = PBXProject;
			attributes = {
				LastUpgradeCheck = 0700;
				ORGANIZATIONNAME = "Steve Spencer";
				TargetAttributes = {
					AAC63AB61BD7E0E900988D09 = {
						CreatedOnToolsVersion = 7.0.1;
						DevelopmentTeam = 79C5VW8992;
					};
				};
			};
			buildConfigurationList = AAC63AB21BD7E0E900988D09 /* Build configuration list for PBXProject "Here" */;
			compatibilityVersion = "Xcode 3.2";
			developmentRegion = English;
			hasScannedForEncodings = 0;
			knownRegions = (
				en,
				Base,
			);
			mainGroup = AAC63AAE1BD7E0E900988D09;
			productRefGroup = AAC63AB81BD7E0E900988D09 /* Products */;
			projectDirPath = "";
			projectRoot = "";
			targets = (
				AAC63AB61BD7E0E900988D09 /* Here */,
			);
		};
/* End PBXProject section */

/* Begin PBXResourcesBuildPhase section */
		AAC63AB51BD7E0E900988D09 /* Resources */ = {
			isa = PBXResourcesBuildPhase;
			buildActionMask = 2147483647;
			files = (
				AAC63ACA1BD7E0E900988D09 /* LaunchScreen.storyboard in Resources */,
				AAC63AC71BD7E0E900988D09 /* Assets.xcassets in Resources */,
				AAC63AC51BD7E0E900988D09 /* Main.storyboard in Resources */,
			);
			runOnlyForDeploymentPostprocessing = 0;
		};
/* End PBXResourcesBuildPhase section */

/* Begin PBXShellScriptBuildPhase section */
		1D1B6E41609E8016D347351C /* Copy Pods Resources */ = {
			isa = PBXShellScriptBuildPhase;
			buildActionMask = 2147483647;
			files = (
			);
			inputPaths = (
			);
			name = "Copy Pods Resources";
			outputPaths = (
			);
			runOnlyForDeploymentPostprocessing = 0;
			shellPath = /bin/sh;
			shellScript = "\"${SRCROOT}/Pods/Target Support Files/Pods-Here/Pods-Here-resources.sh\"\n";
			showEnvVarsInLog = 0;
		};
		7325E58E54B4D95AF7BA96C1 /* Check Pods Manifest.lock */ = {
			isa = PBXShellScriptBuildPhase;
			buildActionMask = 2147483647;
			files = (
			);
			inputPaths = (
			);
			name = "Check Pods Manifest.lock";
			outputPaths = (
			);
			runOnlyForDeploymentPostprocessing = 0;
			shellPath = /bin/sh;
			shellScript = "diff \"${PODS_ROOT}/../Podfile.lock\" \"${PODS_ROOT}/Manifest.lock\" > /dev/null\nif [[ $? != 0 ]] ; then\n    cat << EOM\nerror: The sandbox is not in sync with the Podfile.lock. Run 'pod install' or update your CocoaPods installation.\nEOM\n    exit 1\nfi\n";
			showEnvVarsInLog = 0;
		};
/* End PBXShellScriptBuildPhase section */

/* Begin PBXSourcesBuildPhase section */
		AAC63AB31BD7E0E900988D09 /* Sources */ = {
			isa = PBXSourcesBuildPhase;
			buildActionMask = 2147483647;
			files = (
				AAC63AD31BD7E26800988D09 /* BigTourTableViewController.m in Sources */,
				AAC63ABF1BD7E0E900988D09 /* AppDelegate.m in Sources */,
				AAC63ABC1BD7E0E900988D09 /* main.m in Sources */,
			);
			runOnlyForDeploymentPostprocessing = 0;
		};
/* End PBXSourcesBuildPhase section */

/* Begin PBXVariantGroup section */
		AAC63AC31BD7E0E900988D09 /* Main.storyboard */ = {
			isa = PBXVariantGroup;
			children = (
				AAC63AC41BD7E0E900988D09 /* Base */,
			);
			name = Main.storyboard;
			sourceTree = "<group>";
		};
		AAC63AC81BD7E0E900988D09 /* LaunchScreen.storyboard */ = {
			isa = PBXVariantGroup;
			children = (
				AAC63AC91BD7E0E900988D09 /* Base */,
			);
			name = LaunchScreen.storyboard;
			sourceTree = "<group>";
		};
/* End PBXVariantGroup section */

/* Begin XCBuildConfiguration section */
		AAC63ACC1BD7E0E900988D09 /* Debug */ = {
			isa = XCBuildConfiguration;
			buildSettings = {
				ALWAYS_SEARCH_USER_PATHS = NO;
				CLANG_CXX_LANGUAGE_STANDARD = "gnu++0x";
				CLANG_CXX_LIBRARY = "libc++";
				CLANG_ENABLE_MODULES = YES;
				CLANG_ENABLE_OBJC_ARC = YES;
				CLANG_WARN_BOOL_CONVERSION = YES;
				CLANG_WARN_CONSTANT_CONVERSION = YES;
				CLANG_WARN_DIRECT_OBJC_ISA_USAGE = YES_ERROR;
				CLANG_WARN_EMPTY_BODY = YES;
				CLANG_WARN_ENUM_CONVERSION = YES;
				CLANG_WARN_INT_CONVERSION = YES;
				CLANG_WARN_OBJC_ROOT_CLASS = YES_ERROR;
				CLANG_WARN_UNREACHABLE_CODE = YES;
				CLANG_WARN__DUPLICATE_METHOD_MATCH = YES;
				"CODE_SIGN_IDENTITY[sdk=iphoneos*]" = "iPhone Developer";
				COPY_PHASE_STRIP = NO;
				DEBUG_INFORMATION_FORMAT = dwarf;
				ENABLE_STRICT_OBJC_MSGSEND = YES;
				ENABLE_TESTABILITY = YES;
				GCC_C_LANGUAGE_STANDARD = gnu99;
				GCC_DYNAMIC_NO_PIC = NO;
				GCC_NO_COMMON_BLOCKS = YES;
				GCC_OPTIMIZATION_LEVEL = 0;
				GCC_PREPROCESSOR_DEFINITIONS = (
					"DEBUG=1",
					"$(inherited)",
				);
				GCC_WARN_64_TO_32_BIT_CONVERSION = YES;
				GCC_WARN_ABOUT_RETURN_TYPE = YES_ERROR;
				GCC_WARN_UNDECLARED_SELECTOR = YES;
				GCC_WARN_UNINITIALIZED_AUTOS = YES_AGGRESSIVE;
				GCC_WARN_UNUSED_FUNCTION = YES;
				GCC_WARN_UNUSED_VARIABLE = YES;
				IPHONEOS_DEPLOYMENT_TARGET = 9.0;
				MTL_ENABLE_DEBUG_INFO = YES;
				ONLY_ACTIVE_ARCH = YES;
				SDKROOT = iphoneos;
				TARGETED_DEVICE_FAMILY = "1,2";
			};
			name = Debug;
		};
		AAC63ACD1BD7E0E900988D09 /* Release */ = {
			isa = XCBuildConfiguration;
			buildSettings = {
				ALWAYS_SEARCH_USER_PATHS = NO;
				CLANG_CXX_LANGUAGE_STANDARD = "gnu++0x";
				CLANG_CXX_LIBRARY = "libc++";
				CLANG_ENABLE_MODULES = YES;
				CLANG_ENABLE_OBJC_ARC = YES;
				CLANG_WARN_BOOL_CONVERSION = YES;
				CLANG_WARN_CONSTANT_CONVERSION = YES;
				CLANG_WARN_DIRECT_OBJC_ISA_USAGE = YES_ERROR;
				CLANG_WARN_EMPTY_BODY = YES;
				CLANG_WARN_ENUM_CONVERSION = YES;
				CLANG_WARN_INT_CONVERSION = YES;
				CLANG_WARN_OBJC_ROOT_CLASS = YES_ERROR;
				CLANG_WARN_UNREACHABLE_CODE = YES;
				CLANG_WARN__DUPLICATE_METHOD_MATCH = YES;
				"CODE_SIGN_IDENTITY[sdk=iphoneos*]" = "iPhone Developer";
				COPY_PHASE_STRIP = NO;
				DEBUG_INFORMATION_FORMAT = "dwarf-with-dsym";
				ENABLE_NS_ASSERTIONS = NO;
				ENABLE_STRICT_OBJC_MSGSEND = YES;
				GCC_C_LANGUAGE_STANDARD = gnu99;
				GCC_NO_COMMON_BLOCKS = YES;
				GCC_WARN_64_TO_32_BIT_CONVERSION = YES;
				GCC_WARN_ABOUT_RETURN_TYPE = YES_ERROR;
				GCC_WARN_UNDECLARED_SELECTOR = YES;
				GCC_WARN_UNINITIALIZED_AUTOS = YES_AGGRESSIVE;
				GCC_WARN_UNUSED_FUNCTION = YES;
				GCC_WARN_UNUSED_VARIABLE = YES;
				IPHONEOS_DEPLOYMENT_TARGET = 9.0;
				MTL_ENABLE_DEBUG_INFO = NO;
				SDKROOT = iphoneos;
				TARGETED_DEVICE_FAMILY = "1,2";
				VALIDATE_PRODUCT = YES;
			};
			name = Release;
		};
		AAC63ACF1BD7E0E900988D09 /* Debug */ = {
			isa = XCBuildConfiguration;
			baseConfigurationReference = CC3D98FADE0851EC86B219F6 /* Pods-Here.debug.xcconfig */;
			buildSettings = {
				ASSETCATALOG_COMPILER_APPICON_NAME = AppIcon;
				CODE_SIGN_IDENTITY = "iPhone Developer";
				INFOPLIST_FILE = Here/Info.plist;
				LD_RUNPATH_SEARCH_PATHS = "$(inherited) @executable_path/Frameworks";
				PRODUCT_BUNDLE_IDENTIFIER = net.bigfrog.Here;
				PRODUCT_NAME = "$(TARGET_NAME)";
			};
			name = Debug;
		};
		AAC63AD01BD7E0E900988D09 /* Release */ = {
			isa = XCBuildConfiguration;
			baseConfigurationReference = F59317C7D692A18DA97F89C6 /* Pods-Here.release.xcconfig */;
			buildSettings = {
				ASSETCATALOG_COMPILER_APPICON_NAME = AppIcon;
				CODE_SIGN_IDENTITY = "iPhone Developer";
				INFOPLIST_FILE = Here/Info.plist;
				LD_RUNPATH_SEARCH_PATHS = "$(inherited) @executable_path/Frameworks";
				PRODUCT_BUNDLE_IDENTIFIER = net.bigfrog.Here;
				PRODUCT_NAME = "$(TARGET_NAME)";
			};
			name = Release;
		};
/* End XCBuildConfiguration section */

/* Begin XCConfigurationList section */
		AAC63AB21BD7E0E900988D09 /* Build configuration list for PBXProject "Here" */ = {
			isa = XCConfigurationList;
			buildConfigurations = (
				AAC63ACC1BD7E0E900988D09 /* Debug */,
				AAC63ACD1BD7E0E900988D09 /* Release */,
			);
			defaultConfigurationIsVisible = 0;
			defaultConfigurationName = Release;
		};
		AAC63ACE1BD7E0E900988D09 /* Build configuration list for PBXNativeTarget "Here" */ = {
			isa = XCConfigurationList;
			buildConfigurations = (
				AAC63ACF1BD7E0E900988D09 /* Debug */,
				AAC63AD01BD7E0E900988D09 /* Release */,
			);
			defaultConfigurationIsVisible = 0;
			defaultConfigurationName = Release;
		};
/* End XCConfigurationList section */
	};
	rootObject = AAC63AAF1BD7E0E900988D09 /* Project object */;
}
